{
  "name": "WT-II",
  "lockfileVersion": 3,
  "requires": true,
  "packages": {
    "": {
      "dependencies": {
        "digital-clock": "^1.0.2"
      }
    },
    "node_modules/digital-clock": {
      "version": "1.0.2",
      "resolved": "https://registry.npmjs.org/digital-clock/-/digital-clock-1.0.2.tgz",
      "integrity": "sha512-aWtSu1Qqa3mhVuGIV43am4SSyeGhphWutm1ckrj15r0v10/4HuoRm25qDun3qCks1f+gdkk1bWkJ8qVYB+P+ew=="
    }
  }
}
